{
  "name": "@bsv/btms-permission-module",
  "version": "1.0.0",
  "lockfileVersion": 3,
  "requires": true,
  "packages": {
    "": {
      "name": "@bsv/btms-permission-module",
      "version": "1.0.0",
      "license": "Open BSV",
      "devDependencies": {
        "@bsv/btms": "file:../core",
        "@bsv/sdk": "^2.0.0",
        "@bsv/wallet-toolbox-client": "^1.7.22",
        "typescript": "^5.2.2"
      },
      "peerDependencies": {
        "@bsv/btms": ">=1.0.0",
        "@bsv/sdk": ">=2.0.0",
        "@bsv/wallet-toolbox-client": ">=1.7.22"
      }
    },
    "../core": {
      "name": "@bsv/btms",
      "version": "1.0.0",
      "dev": true,
      "license": "SEE LICENSE IN LICENSE.txt",
      "devDependencies": {
        "@types/jest": "^29.5.14",
        "jest": "^29.7.0",
        "ts-jest": "^29.1.1",
        "ts-standard": "^12.0.2",
        "ts2md": "^0.2.0",
        "typescript": "^5.2.2"
      },
      "peerDependencies": {
        "@bsv/sdk": "^2.0.3"
      }
    },
    "node_modules/@bsv/btms": {
      "resolved": "../core",
      "link": true
    },
    "node_modules/@bsv/sdk": {
      "version": "2.0.3",
      "resolved": "https://registry.npmjs.org/@bsv/sdk/-/sdk-2.0.3.tgz",
      "integrity": "sha512-HvZrGE5kj433sZDQVpK9UDMvCsrza6PVrguCJVtR/KYYyAE7+RcFRTXuCROnDz7ZNKotA335uKuph2p5iSv5og==",
      "dev": true,
      "license": "SEE LICENSE IN LICENSE.txt"
    },
    "node_modules/@bsv/wallet-toolbox-client": {
      "version": "1.8.3",
      "resolved": "https://registry.npmjs.org/@bsv/wallet-toolbox-client/-/wallet-toolbox-client-1.8.3.tgz",
      "integrity": "sha512-D1kLyJ97PpdvzIlgufV4sFd6evftxTK7pqQuQSZR0o6cWl/YMNpS4nbPgU1OfDrV6T/lajGpX2tNAok2xc+CPw==",
      "dev": true,
      "license": "SEE LICENSE IN license.md",
      "dependencies": {
        "@bsv/sdk": "^1.9.29",
        "idb": "^8.0.2"
      }
    },
    "node_modules/@bsv/wallet-toolbox-client/node_modules/@bsv/sdk": {
      "version": "1.10.4",
      "resolved": "https://registry.npmjs.org/@bsv/sdk/-/sdk-1.10.4.tgz",
      "integrity": "sha512-NuEXWwtuZ3WbER9wLtm33QCfhVwLyTyAzGholOeHo1imNDLLe7d2HADmf8hlSqAkNud3Y03S2poRc6aJMRWDrA==",
      "dev": true,
      "license": "SEE LICENSE IN LICENSE.txt"
    },
    "node_modules/idb": {
      "version": "8.0.3",
      "resolved": "https://registry.npmjs.org/idb/-/idb-8.0.3.tgz",
      "integrity": "sha512-LtwtVyVYO5BqRvcsKuB2iUMnHwPVByPCXFXOpuU96IZPPoPN6xjOGxZQ74pgSVVLQWtUOYgyeL4GE98BY5D3wg==",
      "dev": true,
      "license": "ISC"
    },
    "node_modules/typescript": {
      "version": "5.9.3",
      "resolved": "https://registry.npmjs.org/typescript/-/typescript-5.9.3.tgz",
      "integrity": "sha512-jl1vZzPDinLr9eUt3J/t7V6FgNEw9QjvBPdysz9KfQDD41fQrC2Y4vKQdiaUpFT4bXlb1RHhLpp8wtm6M5TgSw==",
      "dev": true,
      "license": "Apache-2.0",
      "bin": {
        "tsc": "bin/tsc",
        "tsserver": "bin/tsserver"
      },
      "engines": {
        "node": ">=14.17"
      }
    }
  }
}
